
Microsoft Visual Studio Solution File, Format Version 12.00
Project("{FAE04EC0-301F-11D3-BF4B-00C04F79EFBC}") = "FintechAPI", "FintechAPI\FintechAPI.csproj", "{ED42E6CC-0FEE-4492-9A21-7ED219B6A604}"
EndProject
Project("{FAE04EC0-301F-11D3-BF4B-00C04F79EFBC}") = "Fintech.Application", "Fintech.Application\Fintech.Application.csproj", "{0BAE8C55-27EB-4243-B34F-9B6F6D23140A}"
EndProject
Project("{FAE04EC0-301F-11D3-BF4B-00C04F79EFBC}") = "Fintech.Infrastructure", "Fintech.Infrastructure\Fintech.Infrastructure.csproj", "{0CCAB5CD-18A1-4944-9EA0-3F87B608FB61}"
EndProject
Project("{FAE04EC0-301F-11D3-BF4B-00C04F79EFBC}") = "Fintech.Domain", "Fintech.Domain\Fintech.Domain.csproj", "{45DB7E32-F39A-49CA-9013-A4A03E2E05F2}"
EndProject
Global
	GlobalSection(SolutionConfigurationPlatforms) = preSolution
		Debug|Any CPU = Debug|Any CPU
		Release|Any CPU = Release|Any CPU
	EndGlobalSection
	GlobalSection(ProjectConfigurationPlatforms) = postSolution
		{ED42E6CC-0FEE-4492-9A21-7ED219B6A604}.Debug|Any CPU.ActiveCfg = Debug|Any CPU
		{ED42E6CC-0FEE-4492-9A21-7ED219B6A604}.Debug|Any CPU.Build.0 = Debug|Any CPU
		{ED42E6CC-0FEE-4492-9A21-7ED219B6A604}.Release|Any CPU.ActiveCfg = Release|Any CPU
		{ED42E6CC-0FEE-4492-9A21-7ED219B6A604}.Release|Any CPU.Build.0 = Release|Any CPU
		{0BAE8C55-27EB-4243-B34F-9B6F6D23140A}.Debug|Any CPU.ActiveCfg = Debug|Any CPU
		{0BAE8C55-27EB-4243-B34F-9B6F6D23140A}.Debug|Any CPU.Build.0 = Debug|Any CPU
		{0BAE8C55-27EB-4243-B34F-9B6F6D23140A}.Release|Any CPU.ActiveCfg = Release|Any CPU
		{0BAE8C55-27EB-4243-B34F-9B6F6D23140A}.Release|Any CPU.Build.0 = Release|Any CPU
		{0CCAB5CD-18A1-4944-9EA0-3F87B608FB61}.Debug|Any CPU.ActiveCfg = Debug|Any CPU
		{0CCAB5CD-18A1-4944-9EA0-3F87B608FB61}.Debug|Any CPU.Build.0 = Debug|Any CPU
		{0CCAB5CD-18A1-4944-9EA0-3F87B608FB61}.Release|Any CPU.ActiveCfg = Release|Any CPU
		{0CCAB5CD-18A1-4944-9EA0-3F87B608FB61}.Release|Any CPU.Build.0 = Release|Any CPU
		{45DB7E32-F39A-49CA-9013-A4A03E2E05F2}.Debug|Any CPU.ActiveCfg = Debug|Any CPU
		{45DB7E32-F39A-49CA-9013-A4A03E2E05F2}.Debug|Any CPU.Build.0 = Debug|Any CPU
		{45DB7E32-F39A-49CA-9013-A4A03E2E05F2}.Release|Any CPU.ActiveCfg = Release|Any CPU
		{45DB7E32-F39A-49CA-9013-A4A03E2E05F2}.Release|Any CPU.Build.0 = Release|Any CPU
	EndGlobalSection
EndGlobal
